
Microsoft Visual Studio Solution File, Format Version 12.00
# Visual Studio 15
VisualStudioVersion = 15.0.28307.271
MinimumVisualStudioVersion = 10.0.40219.1
Project("{FAE04EC0-301F-11D3-BF4B-00C04F79EFBC}") = "Vidly", "Vidly\Vidly.csproj", "{AD6B30F4-4F48-4F5E-88B1-65300C5FF765}"
EndProject
Project("{FAE04EC0-301F-11D3-BF4B-00C04F79EFBC}") = "Vidly.Tests", "Vidly.Tests\Vidly.Tests.csproj", "{2686E0DC-144B-4ED3-AF28-925BCC9148D1}"
EndProject
Global
	GlobalSection(SolutionConfigurationPlatforms) = preSolution
		Debug|Any CPU = Debug|Any CPU
		Release|Any CPU = Release|Any CPU
	EndGlobalSection
	GlobalSection(ProjectConfigurationPlatforms) = postSolution
		{AD6B30F4-4F48-4F5E-88B1-65300C5FF765}.Debug|Any CPU.ActiveCfg = Debug|Any CPU
		{AD6B30F4-4F48-4F5E-88B1-65300C5FF765}.Debug|Any CPU.Build.0 = Debug|Any CPU
		{AD6B30F4-4F48-4F5E-88B1-65300C5FF765}.Release|Any CPU.ActiveCfg = Release|Any CPU
		{AD6B30F4-4F48-4F5E-88B1-65300C5FF765}.Release|Any CPU.Build.0 = Release|Any CPU
		{2686E0DC-144B-4ED3-AF28-925BCC9148D1}.Debug|Any CPU.ActiveCfg = Debug|Any CPU
		{2686E0DC-144B-4ED3-AF28-925BCC9148D1}.Debug|Any CPU.Build.0 = Debug|Any CPU
		{2686E0DC-144B-4ED3-AF28-925BCC9148D1}.Release|Any CPU.ActiveCfg = Release|Any CPU
		{2686E0DC-144B-4ED3-AF28-925BCC9148D1}.Release|Any CPU.Build.0 = Release|Any CPU
	EndGlobalSection
	GlobalSection(SolutionProperties) = preSolution
		HideSolutionNode = FALSE
	EndGlobalSection
	GlobalSection(ExtensibilityGlobals) = postSolution
		SolutionGuid = {FC3DF298-3B32-4649-9735-4850B1ABC537}
	EndGlobalSection
EndGlobal
